
Microsoft Visual Studio Solution File, Format Version 12.00
# Visual Studio Version 17
VisualStudioVersion = 17.5.002.0
MinimumVisualStudioVersion = 10.0.40219.1
Project("{9A19103F-16F7-4668-BE54-9A1E7A4F7556}") = "test", "test.csproj", "{1AA6FB8F-0C74-43B5-9338-21B69C821A3E}"
EndProject
Global
	GlobalSection(SolutionConfigurationPlatforms) = preSolution
		Debug|Any CPU = Debug|Any CPU
		Release|Any CPU = Release|Any CPU
	EndGlobalSection
	GlobalSection(ProjectConfigurationPlatforms) = postSolution
		{1AA6FB8F-0C74-43B5-9338-21B69C821A3E}.Debug|Any CPU.ActiveCfg = Debug|Any CPU
		{1AA6FB8F-0C74-43B5-9338-21B69C821A3E}.Debug|Any CPU.Build.0 = Debug|Any CPU
		{1AA6FB8F-0C74-43B5-9338-21B69C821A3E}.Release|Any CPU.ActiveCfg = Release|Any CPU
		{1AA6FB8F-0C74-43B5-9338-21B69C821A3E}.Release|Any CPU.Build.0 = Release|Any CPU
	EndGlobalSection
	GlobalSection(SolutionProperties) = preSolution
		HideSolutionNode = FALSE
	EndGlobalSection
	GlobalSection(ExtensibilityGlobals) = postSolution
		SolutionGuid = {C0BEB530-D2D9-49FC-B631-C39F7EC99033}
	EndGlobalSection
EndGlobal
